
Microsoft Visual Studio Solution File, Format Version 12.00
# Visual Studio Version 17
VisualStudioVersion = 17.8.34525.116
MinimumVisualStudioVersion = 10.0.40219.1
Project("{FAE04EC0-301F-11D3-BF4B-00C04F79EFBC}") = "CookieAuthentitation", "CookieAuthentitation\CookieAuthentitation.csproj", "{57CF909A-7BCF-4FC3-9A00-F6F002A6515D}"
EndProject
Global
	GlobalSection(SolutionConfigurationPlatforms) = preSolution
		Debug|Any CPU = Debug|Any CPU
		Release|Any CPU = Release|Any CPU
	EndGlobalSection
	GlobalSection(ProjectConfigurationPlatforms) = postSolution
		{57CF909A-7BCF-4FC3-9A00-F6F002A6515D}.Debug|Any CPU.ActiveCfg = Debug|Any CPU
		{57CF909A-7BCF-4FC3-9A00-F6F002A6515D}.Debug|Any CPU.Build.0 = Debug|Any CPU
		{57CF909A-7BCF-4FC3-9A00-F6F002A6515D}.Release|Any CPU.ActiveCfg = Release|Any CPU
		{57CF909A-7BCF-4FC3-9A00-F6F002A6515D}.Release|Any CPU.Build.0 = Release|Any CPU
	EndGlobalSection
	GlobalSection(SolutionProperties) = preSolution
		HideSolutionNode = FALSE
	EndGlobalSection
	GlobalSection(ExtensibilityGlobals) = postSolution
		SolutionGuid = {F111ACC1-33B3-4B95-9460-74F1D3FC337B}
	EndGlobalSection
EndGlobal
